# This file is generated by running "yarn install" inside your project.
# Manual changes might be lost - proceed with caution!

__metadata:
  version: 8
  cacheKey: 10

"@aztec/bb.js@npm:0.72.1":
  version: 0.72.1
  resolution: "@aztec/bb.js@npm:0.72.1"
  dependencies:
    comlink: "npm:^4.4.1"
    commander: "npm:^12.1.0"
    debug: "npm:^4.3.4"
    fflate: "npm:^0.8.0"
    pako: "npm:^2.1.0"
    tslib: "npm:^2.4.0"
  bin:
    bb.js: dest/node/main.js
  checksum: 10/9dc0e42c7f0dd4ef9a49fb8fd8d69a1982ae8447c9f0cee794e767f95af6d42be72cf1ee2dbb657c0a7e6bdf4a11aeae6b179933cb182cf98037286075280541
  languageName: node
  linkType: hard

"@cspotcode/source-map-support@npm:^0.8.0":
  version: 0.8.1
  resolution: "@cspotcode/source-map-support@npm:0.8.1"
  dependencies:
    "@jridgewell/trace-mapping": "npm:0.3.9"
  checksum: 10/b6e38a1712fab242c86a241c229cf562195aad985d0564bd352ac404be583029e89e93028ffd2c251d2c407ecac5fb0cbdca94a2d5c10f29ac806ede0508b3ff
  languageName: node
  linkType: hard

"@jridgewell/resolve-uri@npm:^3.0.3":
  version: 3.1.2
  resolution: "@jridgewell/resolve-uri@npm:3.1.2"
  checksum: 10/97106439d750a409c22c8bff822d648f6a71f3aa9bc8e5129efdc36343cd3096ddc4eeb1c62d2fe48e9bdd4db37b05d4646a17114ecebd3bbcacfa2de51c3c1d
  languageName: node
  linkType: hard

"@jridgewell/sourcemap-codec@npm:^1.4.10":
  version: 1.5.0
  resolution: "@jridgewell/sourcemap-codec@npm:1.5.0"
  checksum: 10/4ed6123217569a1484419ac53f6ea0d9f3b57e5b57ab30d7c267bdb27792a27eb0e4b08e84a2680aa55cc2f2b411ffd6ec3db01c44fdc6dc43aca4b55f8374fd
  languageName: node
  linkType: hard

"@jridgewell/trace-mapping@npm:0.3.9":
  version: 0.3.9
  resolution: "@jridgewell/trace-mapping@npm:0.3.9"
  dependencies:
    "@jridgewell/resolve-uri": "npm:^3.0.3"
    "@jridgewell/sourcemap-codec": "npm:^1.4.10"
  checksum: 10/83deafb8e7a5ca98993c2c6eeaa93c270f6f647a4c0dc00deb38c9cf9b2d3b7bf15e8839540155247ef034a052c0ec4466f980bf0c9e2ab63b97d16c0cedd3ff
  languageName: node
  linkType: hard

"@noir-lang/acvm_js@npm:1.0.0-beta.2":
  version: 1.0.0-beta.2
  resolution: "@noir-lang/acvm_js@npm:1.0.0-beta.2"
  checksum: 10/7e054ca6df8e42ee75a93fa68c78894dcf14277dc4eab08a51affec625bda57d90825faf4b905f56bb2cca1334fbbe9bee4223ba034307877b9de03dc7e386a6
  languageName: node
  linkType: hard

"@noir-lang/noir_js@npm:1.0.0-beta.2":
  version: 1.0.0-beta.2
  resolution: "@noir-lang/noir_js@npm:1.0.0-beta.2"
  dependencies:
    "@noir-lang/acvm_js": "npm:1.0.0-beta.2"
    "@noir-lang/noirc_abi": "npm:1.0.0-beta.2"
    "@noir-lang/types": "npm:1.0.0-beta.2"
  checksum: 10/ae02d93ad483bed3698a2f71dc4ece49f4ec2d942640416cca4dcff348d4c736382304b9ef20c787a8d3bcdf0099962647f3ede3c76410652c7d2eae59c6070d
  languageName: node
  linkType: hard

"@noir-lang/noirc_abi@npm:1.0.0-beta.2":
  version: 1.0.0-beta.2
  resolution: "@noir-lang/noirc_abi@npm:1.0.0-beta.2"
  dependencies:
    "@noir-lang/types": "npm:1.0.0-beta.2"
  checksum: 10/6bd74ea4b810713affe8980a92728e9570b8370705511daac6f9395d60340563bf1e41af6417b6769a2d7add4dfeb5ba666ba6da1597d25b15a5a14a18c7b378
  languageName: node
  linkType: hard

"@noir-lang/types@npm:1.0.0-beta.2":
  version: 1.0.0-beta.2
  resolution: "@noir-lang/types@npm:1.0.0-beta.2"
  checksum: 10/e2fcda3df2221566ec54e693fb66a9227fefb50e9ae8ffcddf687348fb7fe57ad5b974362bd4277d2138e239479b1704d114b793493bbe4da529026a1ec08174
  languageName: node
  linkType: hard

"@semaphore-protocol/contracts@workspace:packages/contracts":
  version: 0.0.0-use.local
  resolution: "@semaphore-protocol/contracts@workspace:packages/contracts"
  dependencies:
    "@zk-kit/lean-imt.sol": "npm:2.0.0"
  languageName: unknown
  linkType: soft

"@tsconfig/node10@npm:^1.0.7":
  version: 1.0.11
  resolution: "@tsconfig/node10@npm:1.0.11"
  checksum: 10/51fe47d55fe1b80ec35e6e5ed30a13665fd3a531945350aa74a14a1e82875fb60b350c2f2a5e72a64831b1b6bc02acb6760c30b3738b54954ec2dea82db7a267
  languageName: node
  linkType: hard

"@tsconfig/node12@npm:^1.0.7":
  version: 1.0.11
  resolution: "@tsconfig/node12@npm:1.0.11"
  checksum: 10/5ce29a41b13e7897a58b8e2df11269c5395999e588b9a467386f99d1d26f6c77d1af2719e407621412520ea30517d718d5192a32403b8dfcc163bf33e40a338a
  languageName: node
  linkType: hard

"@tsconfig/node14@npm:^1.0.0":
  version: 1.0.3
  resolution: "@tsconfig/node14@npm:1.0.3"
  checksum: 10/19275fe80c4c8d0ad0abed6a96dbf00642e88b220b090418609c4376e1cef81bf16237bf170ad1b341452feddb8115d8dd2e5acdfdea1b27422071163dc9ba9d
  languageName: node
  linkType: hard

"@tsconfig/node16@npm:^1.0.2":
  version: 1.0.4
  resolution: "@tsconfig/node16@npm:1.0.4"
  checksum: 10/202319785901f942a6e1e476b872d421baec20cf09f4b266a1854060efbf78cde16a4d256e8bc949d31e6cd9a90f1e8ef8fb06af96a65e98338a2b6b0de0a0ff
  languageName: node
  linkType: hard

"@types/node@npm:^22.10.1":
  version: 22.13.9
  resolution: "@types/node@npm:22.13.9"
  dependencies:
    undici-types: "npm:~6.20.0"
  checksum: 10/23560df3ee99c907179c688754486b969a72144f2e2bdefe974d320dddc5ca8f93365842966ecbd5c5bba34e919fc1a5a6627712beb8e7f71d71347dcf414a35
  languageName: node
  linkType: hard

"@zk-kit/lean-imt.sol@npm:2.0.0":
  version: 2.0.0
  resolution: "@zk-kit/lean-imt.sol@npm:2.0.0"
  dependencies:
    poseidon-solidity: "npm:0.0.5"
  checksum: 10/094a1788905c380ed5c767184938d3aa0d0b3ba8ad92e8d6efae1243e4d15103484ec1224163ae7d0c43e0095ae19f28e41a7877d37398ff60dcadbf1eb27a77
  languageName: node
  linkType: hard

"acorn-walk@npm:^8.1.1":
  version: 8.3.4
  resolution: "acorn-walk@npm:8.3.4"
  dependencies:
    acorn: "npm:^8.11.0"
  checksum: 10/871386764e1451c637bb8ab9f76f4995d408057e9909be6fb5ad68537ae3375d85e6a6f170b98989f44ab3ff6c74ad120bc2779a3d577606e7a0cd2b4efcaf77
  languageName: node
  linkType: hard

"acorn@npm:^8.11.0, acorn@npm:^8.4.1":
  version: 8.14.0
  resolution: "acorn@npm:8.14.0"
  bin:
    acorn: bin/acorn
  checksum: 10/6df29c35556782ca9e632db461a7f97947772c6c1d5438a81f0c873a3da3a792487e83e404d1c6c25f70513e91aa18745f6eafb1fcc3a43ecd1920b21dd173d2
  languageName: node
  linkType: hard

"arg@npm:^4.1.0":
  version: 4.1.3
  resolution: "arg@npm:4.1.3"
  checksum: 10/969b491082f20cad166649fa4d2073ea9e974a4e5ac36247ca23d2e5a8b3cb12d60e9ff70a8acfe26d76566c71fd351ee5e6a9a6595157eb36f92b1fd64e1599
  languageName: node
  linkType: hard

"comlink@npm:^4.4.1":
  version: 4.4.2
  resolution: "comlink@npm:4.4.2"
  checksum: 10/ecee53b5b4536b3aa3f7636c383f831e68fbc013def77665cc7fad873d72cfa23b994e1ec4b49e83e4e909c1089a03acae03a523e33a5e5ed938cdb613456434
  languageName: node
  linkType: hard

"commander@npm:^12.1.0":
  version: 12.1.0
  resolution: "commander@npm:12.1.0"
  checksum: 10/cdaeb672d979816853a4eed7f1310a9319e8b976172485c2a6b437ed0db0a389a44cfb222bfbde772781efa9f215bdd1b936f80d6b249485b465c6cb906e1f93
  languageName: node
  linkType: hard

"create-require@npm:^1.1.0":
  version: 1.1.1
  resolution: "create-require@npm:1.1.1"
  checksum: 10/a9a1503d4390d8b59ad86f4607de7870b39cad43d929813599a23714831e81c520bddf61bcdd1f8e30f05fd3a2b71ae8538e946eb2786dc65c2bbc520f692eff
  languageName: node
  linkType: hard

"debug@npm:^4.3.4":
  version: 4.4.0
  resolution: "debug@npm:4.4.0"
  dependencies:
    ms: "npm:^2.1.3"
  peerDependenciesMeta:
    supports-color:
      optional: true
  checksum: 10/1847944c2e3c2c732514b93d11886575625686056cd765336212dc15de2d2b29612b6cd80e1afba767bb8e1803b778caf9973e98169ef1a24a7a7009e1820367
  languageName: node
  linkType: hard

"diff@npm:^4.0.1":
  version: 4.0.2
  resolution: "diff@npm:4.0.2"
  checksum: 10/ec09ec2101934ca5966355a229d77afcad5911c92e2a77413efda5455636c4cf2ce84057e2d7715227a2eeeda04255b849bd3ae3a4dd22eb22e86e76456df069
  languageName: node
  linkType: hard

"fflate@npm:^0.8.0":
  version: 0.8.2
  resolution: "fflate@npm:0.8.2"
  checksum: 10/2bd26ba6d235d428de793c6a0cd1aaa96a06269ebd4e21b46c8fd1bd136abc631acf27e188d47c3936db090bf3e1ede11d15ce9eae9bffdc4bfe1b9dc66ca9cb
  languageName: node
  linkType: hard

"js@workspace:packages/js":
  version: 0.0.0-use.local
  resolution: "js@workspace:packages/js"
  dependencies:
    "@aztec/bb.js": "npm:0.72.1"
    "@noir-lang/noir_js": "npm:1.0.0-beta.2"
    "@types/node": "npm:^22.10.1"
    ts-node: "npm:^10.9.2"
    typescript: "npm:^5.7.2"
  languageName: unknown
  linkType: soft

"make-error@npm:^1.1.1":
  version: 1.3.6
  resolution: "make-error@npm:1.3.6"
  checksum: 10/b86e5e0e25f7f777b77fabd8e2cbf15737972869d852a22b7e73c17623928fccb826d8e46b9951501d3f20e51ad74ba8c59ed584f610526a48f8ccf88aaec402
  languageName: node
  linkType: hard

"ms@npm:^2.1.3":
  version: 2.1.3
  resolution: "ms@npm:2.1.3"
  checksum: 10/aa92de608021b242401676e35cfa5aa42dd70cbdc082b916da7fb925c542173e36bce97ea3e804923fe92c0ad991434e4a38327e15a1b5b5f945d66df615ae6d
  languageName: node
  linkType: hard

"pako@npm:^2.1.0":
  version: 2.1.0
  resolution: "pako@npm:2.1.0"
  checksum: 10/38a04991d0ec4f4b92794a68b8c92bf7340692c5d980255c92148da96eb3e550df7a86a7128b5ac0c65ecddfe5ef3bbe9c6dab13e1bc315086e759b18f7c1401
  languageName: node
  linkType: hard

"poseidon-solidity@npm:0.0.5":
  version: 0.0.5
  resolution: "poseidon-solidity@npm:0.0.5"
  checksum: 10/a680d0bf8c5eeb6ea8dd1b89a0a924fb2f9a7d33919ef26197aaf0e83ddca0e9c1125f3b3dffa40340a4ed6bef6d864203ff49da6fb91c4c4604149969cafc82
  languageName: node
  linkType: hard

"semaphore.noir@workspace:.":
  version: 0.0.0-use.local
  resolution: "semaphore.noir@workspace:."
  languageName: unknown
  linkType: soft

"ts-node@npm:^10.9.2":
  version: 10.9.2
  resolution: "ts-node@npm:10.9.2"
  dependencies:
    "@cspotcode/source-map-support": "npm:^0.8.0"
    "@tsconfig/node10": "npm:^1.0.7"
    "@tsconfig/node12": "npm:^1.0.7"
    "@tsconfig/node14": "npm:^1.0.0"
    "@tsconfig/node16": "npm:^1.0.2"
    acorn: "npm:^8.4.1"
    acorn-walk: "npm:^8.1.1"
    arg: "npm:^4.1.0"
    create-require: "npm:^1.1.0"
    diff: "npm:^4.0.1"
    make-error: "npm:^1.1.1"
    v8-compile-cache-lib: "npm:^3.0.1"
    yn: "npm:3.1.1"
  peerDependencies:
    "@swc/core": ">=1.2.50"
    "@swc/wasm": ">=1.2.50"
    "@types/node": "*"
    typescript: ">=2.7"
  peerDependenciesMeta:
    "@swc/core":
      optional: true
    "@swc/wasm":
      optional: true
  bin:
    ts-node: dist/bin.js
    ts-node-cwd: dist/bin-cwd.js
    ts-node-esm: dist/bin-esm.js
    ts-node-script: dist/bin-script.js
    ts-node-transpile-only: dist/bin-transpile.js
    ts-script: dist/bin-script-deprecated.js
  checksum: 10/a91a15b3c9f76ac462f006fa88b6bfa528130dcfb849dd7ef7f9d640832ab681e235b8a2bc58ecde42f72851cc1d5d4e22c901b0c11aa51001ea1d395074b794
  languageName: node
  linkType: hard

"tslib@npm:^2.4.0":
  version: 2.8.1
  resolution: "tslib@npm:2.8.1"
  checksum: 10/3e2e043d5c2316461cb54e5c7fe02c30ef6dccb3384717ca22ae5c6b5bc95232a6241df19c622d9c73b809bea33b187f6dbc73030963e29950c2141bc32a79f7
  languageName: node
  linkType: hard

"typescript@npm:^5.7.2":
  version: 5.8.2
  resolution: "typescript@npm:5.8.2"
  bin:
    tsc: bin/tsc
    tsserver: bin/tsserver
  checksum: 10/dbc2168a55d56771f4d581997be52bab5cbc09734fec976cfbaabd787e61fb4c6cf9125fd48c6f98054ce549c77ecedefc7f64252a830dd8e9c3381f61fbeb78
  languageName: node
  linkType: hard

"typescript@patch:typescript@npm%3A^5.7.2#optional!builtin<compat/typescript>":
  version: 5.8.2
  resolution: "typescript@patch:typescript@npm%3A5.8.2#optional!builtin<compat/typescript>::version=5.8.2&hash=d69c25"
  bin:
    tsc: bin/tsc
    tsserver: bin/tsserver
  checksum: 10/6ae9b2c4d3254ec2eaee6f26ed997e19c02177a212422993209f81e87092b2bb0a4738085549c5b0164982a5609364c047c72aeb281f6c8d802cd0d1c6f0d353
  languageName: node
  linkType: hard

"undici-types@npm:~6.20.0":
  version: 6.20.0
  resolution: "undici-types@npm:6.20.0"
  checksum: 10/583ac7bbf4ff69931d3985f4762cde2690bb607844c16a5e2fbb92ed312fe4fa1b365e953032d469fa28ba8b224e88a595f0b10a449332f83fa77c695e567dbe
  languageName: node
  linkType: hard

"v8-compile-cache-lib@npm:^3.0.1":
  version: 3.0.1
  resolution: "v8-compile-cache-lib@npm:3.0.1"
  checksum: 10/88d3423a52b6aaf1836be779cab12f7016d47ad8430dffba6edf766695e6d90ad4adaa3d8eeb512cc05924f3e246c4a4ca51e089dccf4402caa536b5e5be8961
  languageName: node
  linkType: hard

"yn@npm:3.1.1":
  version: 3.1.1
  resolution: "yn@npm:3.1.1"
  checksum: 10/2c487b0e149e746ef48cda9f8bad10fc83693cd69d7f9dcd8be4214e985de33a29c9e24f3c0d6bcf2288427040a8947406ab27f7af67ee9456e6b84854f02dd6
  languageName: node
  linkType: hard
